
Microsoft Visual Studio Solution File, Format Version 12.00
# Visual Studio Version 17
VisualStudioVersion = 17.1.32210.238
MinimumVisualStudioVersion = 10.0.40219.1
Project("{FAE04EC0-301F-11D3-BF4B-00C04F79EFBC}") = "Calendar VK MyGames", "Calendar VK MyGames\Calendar VK MyGames.csproj", "{B7291300-FC19-4C14-96FC-76854E7FA29F}"
EndProject
Global
	GlobalSection(SolutionConfigurationPlatforms) = preSolution
		Debug|Any CPU = Debug|Any CPU
		Release|Any CPU = Release|Any CPU
	EndGlobalSection
	GlobalSection(ProjectConfigurationPlatforms) = postSolution
		{B7291300-FC19-4C14-96FC-76854E7FA29F}.Debug|Any CPU.ActiveCfg = Debug|Any CPU
		{B7291300-FC19-4C14-96FC-76854E7FA29F}.Debug|Any CPU.Build.0 = Debug|Any CPU
		{B7291300-FC19-4C14-96FC-76854E7FA29F}.Release|Any CPU.ActiveCfg = Release|Any CPU
		{B7291300-FC19-4C14-96FC-76854E7FA29F}.Release|Any CPU.Build.0 = Release|Any CPU
	EndGlobalSection
	GlobalSection(SolutionProperties) = preSolution
		HideSolutionNode = FALSE
	EndGlobalSection
	GlobalSection(ExtensibilityGlobals) = postSolution
		SolutionGuid = {1F9F3B74-6A97-491E-A328-8779B3ED923C}
	EndGlobalSection
EndGlobal
